
Microsoft Visual Studio Solution File, Format Version 12.00
# Visual Studio Version 16
VisualStudioVersion = 16.0.30204.135
MinimumVisualStudioVersion = 10.0.40219.1
Project("{FAE04EC0-301F-11D3-BF4B-00C04F79EFBC}") = "WebApplication5", "WebApplication5\WebApplication5.csproj", "{914D9C03-F91D-4C1C-A709-35A8091182E1}"
EndProject
Global
	GlobalSection(SolutionConfigurationPlatforms) = preSolution
		Debug|Any CPU = Debug|Any CPU
		Release|Any CPU = Release|Any CPU
	EndGlobalSection
	GlobalSection(ProjectConfigurationPlatforms) = postSolution
		{914D9C03-F91D-4C1C-A709-35A8091182E1}.Debug|Any CPU.ActiveCfg = Debug|Any CPU
		{914D9C03-F91D-4C1C-A709-35A8091182E1}.Debug|Any CPU.Build.0 = Debug|Any CPU
		{914D9C03-F91D-4C1C-A709-35A8091182E1}.Release|Any CPU.ActiveCfg = Release|Any CPU
		{914D9C03-F91D-4C1C-A709-35A8091182E1}.Release|Any CPU.Build.0 = Release|Any CPU
	EndGlobalSection
	GlobalSection(SolutionProperties) = preSolution
		HideSolutionNode = FALSE
	EndGlobalSection
	GlobalSection(ExtensibilityGlobals) = postSolution
		SolutionGuid = {6020148A-7252-4C32-A496-2F1A40CE1EA1}
	EndGlobalSection
EndGlobal
